// !$*UTF8*$!
{
	archiveVersion = 1;
	classes = {
	};
	objectVersion = 46;
	objects = {

/* Begin PBXBuildFile section */
		1AA68A5314FA443D009145F3 /* UIKit.framework in Frameworks */ = {isa = PBXBuildFile; fileRef = 52D6217C14DF7F1E00400117 /* UIKit.framework */; };
		1AA68A5414FA443D009145F3 /* Foundation.framework in Frameworks */ = {isa = PBXBuildFile; fileRef = 52D6217E14DF7F1E00400117 /* Foundation.framework */; };
		1AA68A5514FA443D009145F3 /* CoreGraphics.framework in Frameworks */ = {isa = PBXBuildFile; fileRef = 52D6218014DF7F1E00400117 /* CoreGraphics.framework */; };
		1AA68A5B14FA443D009145F3 /* InfoPlist.strings in Resources */ = {isa = PBXBuildFile; fileRef = 1AA68A5914FA443D009145F3 /* InfoPlist.strings */; };
		1AA68A5D14FA443D009145F3 /* main.m in Sources */ = {isa = PBXBuildFile; fileRef = 1AA68A5C14FA443D009145F3 /* main.m */; };
		1AA68A6114FA443D009145F3 /* AppDelegate.m in Sources */ = {isa = PBXBuildFile; fileRef = 1AA68A6014FA443D009145F3 /* AppDelegate.m */; };
		1AA68A6414FA443D009145F3 /* MainStoryboard_iPhone.storyboard in Resources */ = {isa = PBXBuildFile; fileRef = 1AA68A6214FA443D009145F3 /* MainStoryboard_iPhone.storyboard */; };
		1AA68A6714FA443D009145F3 /* MainStoryboard_iPad.storyboard in Resources */ = {isa = PBXBuildFile; fileRef = 1AA68A6514FA443D009145F3 /* MainStoryboard_iPad.storyboard */; };
		1AA68A7014FA44B9009145F3 /* JTTableViewGestureRecognizer.m in Sources */ = {isa = PBXBuildFile; fileRef = 5296DB0914E977C20044BD53 /* JTTableViewGestureRecognizer.m */; };
		1AA68A7114FA44B9009145F3 /* JTTransformableTableViewCell.m in Sources */ = {isa = PBXBuildFile; fileRef = 5296DB0B14E977C20044BD53 /* JTTransformableTableViewCell.m */; };
		1AA68A7214FA44B9009145F3 /* UIColor+JTGestureBasedTableViewHelper.m in Sources */ = {isa = PBXBuildFile; fileRef = 52B4AC6414EB47AC006574B9 /* UIColor+JTGestureBasedTableViewHelper.m */; };
		1AA68A7514FA4765009145F3 /* ViewController.m in Sources */ = {isa = PBXBuildFile; fileRef = 52D6218F14DF7F1E00400117 /* ViewController.m */; };
		5296DB0C14E977C20044BD53 /* JTTableViewGestureRecognizer.m in Sources */ = {isa = PBXBuildFile; fileRef = 5296DB0914E977C20044BD53 /* JTTableViewGestureRecognizer.m */; };
		5296DB0D14E977C20044BD53 /* JTTransformableTableViewCell.m in Sources */ = {isa = PBXBuildFile; fileRef = 5296DB0B14E977C20044BD53 /* JTTransformableTableViewCell.m */; };
		52B4AC6514EB47AC006574B9 /* UIColor+JTGestureBasedTableViewHelper.m in Sources */ = {isa = PBXBuildFile; fileRef = 52B4AC6414EB47AC006574B9 /* UIColor+JTGestureBasedTableViewHelper.m */; };
		52D6217D14DF7F1E00400117 /* UIKit.framework in Frameworks */ = {isa = PBXBuildFile; fileRef = 52D6217C14DF7F1E00400117 /* UIKit.framework */; };
		52D6217F14DF7F1E00400117 /* Foundation.framework in Frameworks */ = {isa = PBXBuildFile; fileRef = 52D6217E14DF7F1E00400117 /* Foundation.framework */; };
		52D6218114DF7F1E00400117 /* CoreGraphics.framework in Frameworks */ = {isa = PBXBuildFile; fileRef = 52D6218014DF7F1E00400117 /* CoreGraphics.framework */; };
		52D6218714DF7F1E00400117 /* InfoPlist.strings in Resources */ = {isa = PBXBuildFile; fileRef = 52D6218514DF7F1E00400117 /* InfoPlist.strings */; };
		52D6218914DF7F1E00400117 /* main.m in Sources */ = {isa = PBXBuildFile; fileRef = 52D6218814DF7F1E00400117 /* main.m */; };
		52D6218D14DF7F1E00400117 /* AppDelegate.m in Sources */ = {isa = PBXBuildFile; fileRef = 52D6218C14DF7F1E00400117 /* AppDelegate.m */; };
		52D6219014DF7F1E00400117 /* ViewController.m in Sources */ = {isa = PBXBuildFile; fileRef = 52D6218F14DF7F1E00400117 /* ViewController.m */; };
		52D6219314DF7F1E00400117 /* ViewController_iPhone.xib in Resources */ = {isa = PBXBuildFile; fileRef = 52D6219114DF7F1E00400117 /* ViewController_iPhone.xib */; };
		52D6219614DF7F1E00400117 /* ViewController_iPad.xib in Resources */ = {isa = PBXBuildFile; fileRef = 52D6219414DF7F1E00400117 /* ViewController_iPad.xib */; };
		52D6219F14DF7F1E00400117 /* UIKit.framework in Frameworks */ = {isa = PBXBuildFile; fileRef = 52D6217C14DF7F1E00400117 /* UIKit.framework */; };
		52D621A014DF7F1E00400117 /* Foundation.framework in Frameworks */ = {isa = PBXBuildFile; fileRef = 52D6217E14DF7F1E00400117 /* Foundation.framework */; };
		52D621A814DF7F1E00400117 /* InfoPlist.strings in Resources */ = {isa = PBXBuildFile; fileRef = 52D621A614DF7F1E00400117 /* InfoPlist.strings */; };
		52D621AB14DF7F1E00400117 /* JTGestureBasedTableViewDemoTests.m in Sources */ = {isa = PBXBuildFile; fileRef = 52D621AA14DF7F1E00400117 /* JTGestureBasedTableViewDemoTests.m */; };
		7B11A1F01A849DF20000ADFB /* LoadMeController.h in Headers */ = {isa = PBXBuildFile; fileRef = 7B11A1EF1A849DF20000ADFB /* LoadMeController.h */; };
		7B11A1F21A849DF20000ADFB /* LoadMeController.m in Sources */ = {isa = PBXBuildFile; fileRef = 7B11A1F11A849DF20000ADFB /* LoadMeController.m */; };
		7B4804521A8AEE0F00D63860 /* AtoZTouch.framework in Frameworks */ = {isa = PBXBuildFile; fileRef = 7B4804511A8AEE0F00D63860 /* AtoZTouch.framework */; };
		7BF7BB081A8A2422008CC80A /* Entitlements.plist in Resources */ = {isa = PBXBuildFile; fileRef = 7BF7BB071A8A2422008CC80A /* Entitlements.plist */; };
		80F9C6E3169854CF00DC2F5C /* Default-568h@2x.png in Resources */ = {isa = PBXBuildFile; fileRef = 80F9C6E2169854CF00DC2F5C /* Default-568h@2x.png */; };
		80F9C6E4169854CF00DC2F5C /* Default-568h@2x.png in Resources */ = {isa = PBXBuildFile; fileRef = 80F9C6E2169854CF00DC2F5C /* Default-568h@2x.png */; };
		DFC2D1091558A13900348983 /* reload.png in Resources */ = {isa = PBXBuildFile; fileRef = DFC2D1071558A13900348983 /* reload.png */; };
		DFC2D10A1558A13900348983 /* reload@2x.png in Resources */ = {isa = PBXBuildFile; fileRef = DFC2D1081558A13900348983 /* reload@2x.png */; };
/* End PBXBuildFile section */

/* Begin PBXContainerItemProxy section */
		52D621A114DF7F1E00400117 /* PBXContainerItemProxy */ = {
			isa = PBXContainerItemProxy;
			containerPortal = 52D6216F14DF7F1E00400117 /* Project object */;
			proxyType = 1;
			remoteGlobalIDString = 52D6217714DF7F1E00400117;
			remoteInfo = JTGestureBasedTableViewDemo;
		};
/* End PBXContainerItemProxy section */

/* Begin PBXFileReference section */
		1AA68A5114FA443D009145F3 /* JTGestureBaseTableViewStoryBoardDemo.app */ = {isa = PBXFileReference; explicitFileType = wrapper.application; includeInIndex = 0; path = JTGestureBaseTableViewStoryBoardDemo.app; sourceTree = BUILT_PRODUCTS_DIR; };
		1AA68A5814FA443D009145F3 /* JTGestureBaseTableViewStoryBoardDemo-Info.plist */ = {isa = PBXFileReference; lastKnownFileType = text.plist.xml; path = "JTGestureBaseTableViewStoryBoardDemo-Info.plist"; sourceTree = "<group>"; };
		1AA68A5A14FA443D009145F3 /* en */ = {isa = PBXFileReference; lastKnownFileType = text.plist.strings; name = en; path = en.lproj/InfoPlist.strings; sourceTree = "<group>"; };
		1AA68A5C14FA443D009145F3 /* main.m */ = {isa = PBXFileReference; lastKnownFileType = sourcecode.c.objc; path = main.m; sourceTree = "<group>"; };
		1AA68A5E14FA443D009145F3 /* JTGestureBaseTableViewStoryBoardDemo-Prefix.pch */ = {isa = PBXFileReference; lastKnownFileType = sourcecode.c.h; path = "JTGestureBaseTableViewStoryBoardDemo-Prefix.pch"; sourceTree = "<group>"; };
		1AA68A5F14FA443D009145F3 /* AppDelegate.h */ = {isa = PBXFileReference; lastKnownFileType = sourcecode.c.h; path = AppDelegate.h; sourceTree = "<group>"; };
		1AA68A6014FA443D009145F3 /* AppDelegate.m */ = {isa = PBXFileReference; lastKnownFileType = sourcecode.c.objc; path = AppDelegate.m; sourceTree = "<group>"; };
		1AA68A6314FA443D009145F3 /* en */ = {isa = PBXFileReference; lastKnownFileType = file.storyboard; name = en; path = en.lproj/MainStoryboard_iPhone.storyboard; sourceTree = "<group>"; };
		1AA68A6614FA443D009145F3 /* en */ = {isa = PBXFileReference; lastKnownFileType = file.storyboard; name = en; path = en.lproj/MainStoryboard_iPad.storyboard; sourceTree = "<group>"; };
		5296DB0814E977C20044BD53 /* JTTableViewGestureRecognizer.h */ = {isa = PBXFileReference; fileEncoding = 4; lastKnownFileType = sourcecode.c.h; path = JTTableViewGestureRecognizer.h; sourceTree = "<group>"; };
		5296DB0914E977C20044BD53 /* JTTableViewGestureRecognizer.m */ = {isa = PBXFileReference; fileEncoding = 4; lastKnownFileType = sourcecode.c.objc; path = JTTableViewGestureRecognizer.m; sourceTree = "<group>"; };
		5296DB0A14E977C20044BD53 /* JTTransformableTableViewCell.h */ = {isa = PBXFileReference; fileEncoding = 4; lastKnownFileType = sourcecode.c.h; path = JTTransformableTableViewCell.h; sourceTree = "<group>"; };
		5296DB0B14E977C20044BD53 /* JTTransformableTableViewCell.m */ = {isa = PBXFileReference; fileEncoding = 4; lastKnownFileType = sourcecode.c.objc; path = JTTransformableTableViewCell.m; sourceTree = "<group>"; };
		52B4AC6314EB47AC006574B9 /* UIColor+JTGestureBasedTableViewHelper.h */ = {isa = PBXFileReference; fileEncoding = 4; lastKnownFileType = sourcecode.c.h; path = "UIColor+JTGestureBasedTableViewHelper.h"; sourceTree = "<group>"; };
		52B4AC6414EB47AC006574B9 /* UIColor+JTGestureBasedTableViewHelper.m */ = {isa = PBXFileReference; fileEncoding = 4; lastKnownFileType = sourcecode.c.objc; path = "UIColor+JTGestureBasedTableViewHelper.m"; sourceTree = "<group>"; };
		52D6217814DF7F1E00400117 /* JTGestureBasedTableViewDemo.app */ = {isa = PBXFileReference; explicitFileType = wrapper.application; includeInIndex = 0; path = JTGestureBasedTableViewDemo.app; sourceTree = BUILT_PRODUCTS_DIR; };
		52D6217C14DF7F1E00400117 /* UIKit.framework */ = {isa = PBXFileReference; lastKnownFileType = wrapper.framework; name = UIKit.framework; path = System/Library/Frameworks/UIKit.framework; sourceTree = SDKROOT; };
		52D6217E14DF7F1E00400117 /* Foundation.framework */ = {isa = PBXFileReference; lastKnownFileType = wrapper.framework; name = Foundation.framework; path = System/Library/Frameworks/Foundation.framework; sourceTree = SDKROOT; };
		52D6218014DF7F1E00400117 /* CoreGraphics.framework */ = {isa = PBXFileReference; lastKnownFileType = wrapper.framework; name = CoreGraphics.framework; path = System/Library/Frameworks/CoreGraphics.framework; sourceTree = SDKROOT; };
		52D6218414DF7F1E00400117 /* JTGestureBasedTableViewDemo-Info.plist */ = {isa = PBXFileReference; lastKnownFileType = text.plist.xml; path = "JTGestureBasedTableViewDemo-Info.plist"; sourceTree = "<group>"; };
		52D6218614DF7F1E00400117 /* en */ = {isa = PBXFileReference; lastKnownFileType = text.plist.strings; name = en; path = en.lproj/InfoPlist.strings; sourceTree = "<group>"; };
		52D6218814DF7F1E00400117 /* main.m */ = {isa = PBXFileReference; lastKnownFileType = sourcecode.c.objc; path = main.m; sourceTree = "<group>"; };
		52D6218A14DF7F1E00400117 /* JTGestureBasedTableViewDemo-Prefix.pch */ = {isa = PBXFileReference; lastKnownFileType = sourcecode.c.h; path = "JTGestureBasedTableViewDemo-Prefix.pch"; sourceTree = "<group>"; };
		52D6218C14DF7F1E00400117 /* AppDelegate.m */ = {isa = PBXFileReference; lastKnownFileType = sourcecode.c.objc; path = AppDelegate.m; sourceTree = "<group>"; };
		52D6218E14DF7F1E00400117 /* ViewController.h */ = {isa = PBXFileReference; lastKnownFileType = sourcecode.c.h; path = ViewController.h; sourceTree = "<group>"; };
		52D6218F14DF7F1E00400117 /* ViewController.m */ = {isa = PBXFileReference; lastKnownFileType = sourcecode.c.objc; path = ViewController.m; sourceTree = "<group>"; };
		52D6219214DF7F1E00400117 /* en */ = {isa = PBXFileReference; lastKnownFileType = file.xib; name = en; path = en.lproj/ViewController_iPhone.xib; sourceTree = "<group>"; };
		52D6219514DF7F1E00400117 /* en */ = {isa = PBXFileReference; lastKnownFileType = file.xib; name = en; path = en.lproj/ViewController_iPad.xib; sourceTree = "<group>"; };
		52D6219C14DF7F1E00400117 /* JTGestureBasedTableViewDemoTests.xctest */ = {isa = PBXFileReference; explicitFileType = wrapper.cfbundle; includeInIndex = 0; path = JTGestureBasedTableViewDemoTests.xctest; sourceTree = BUILT_PRODUCTS_DIR; };
		52D621A514DF7F1E00400117 /* JTGestureBasedTableViewDemoTests-Info.plist */ = {isa = PBXFileReference; lastKnownFileType = text.plist.xml; path = "JTGestureBasedTableViewDemoTests-Info.plist"; sourceTree = "<group>"; };
		52D621A714DF7F1E00400117 /* en */ = {isa = PBXFileReference; lastKnownFileType = text.plist.strings; name = en; path = en.lproj/InfoPlist.strings; sourceTree = "<group>"; };
		52D621A914DF7F1E00400117 /* JTGestureBasedTableViewDemoTests.h */ = {isa = PBXFileReference; lastKnownFileType = sourcecode.c.h; path = JTGestureBasedTableViewDemoTests.h; sourceTree = "<group>"; };
		52D621AA14DF7F1E00400117 /* JTGestureBasedTableViewDemoTests.m */ = {isa = PBXFileReference; lastKnownFileType = sourcecode.c.objc; path = JTGestureBasedTableViewDemoTests.m; sourceTree = "<group>"; };
		7B11A1DC1A849DF10000ADFB /* LoadMe.bundle */ = {isa = PBXFileReference; explicitFileType = wrapper.cfbundle; includeInIndex = 0; path = LoadMe.bundle; sourceTree = BUILT_PRODUCTS_DIR; };
		7B11A1DF1A849DF10000ADFB /* Preferences.framework */ = {isa = PBXFileReference; lastKnownFileType = wrapper.framework; name = Preferences.framework; path = Library/Frameworks/Preferences.framework; sourceTree = DEVELOPER_DIR; };
		7B11A1E41A849DF20000ADFB /* control.txt */ = {isa = PBXFileReference; lastKnownFileType = text; name = control.txt; path = Package/DEBIAN/control.txt; sourceTree = "<group>"; };
		7B11A1E51A849DF20000ADFB /* control */ = {isa = PBXFileReference; lastKnownFileType = text; name = control; path = Package/DEBIAN/control; sourceTree = "<group>"; };
		7B11A1E71A849DF20000ADFB /* PackageVersion.plist */ = {isa = PBXFileReference; lastKnownFileType = text.plist.xml; path = PackageVersion.plist; sourceTree = "<group>"; };
		7B11A1EB1A849DF20000ADFB /* LoadMe.plist */ = {isa = PBXFileReference; lastKnownFileType = text.plist.xml; name = LoadMe.plist; path = Package/Library/PreferenceLoader/Preferences/LoadMe.plist; sourceTree = "<group>"; };
		7B11A1EC1A849DF20000ADFB /* LoadMeIcon.png */ = {isa = PBXFileReference; lastKnownFileType = image.png; name = LoadMeIcon.png; path = Package/Library/PreferenceLoader/Preferences/LoadMeIcon.png; sourceTree = "<group>"; };
		7B11A1ED1A849DF20000ADFB /* LoadMeIcon@2x.png */ = {isa = PBXFileReference; lastKnownFileType = image.png; name = "LoadMeIcon@2x.png"; path = "Package/Library/PreferenceLoader/Preferences/LoadMeIcon@2x.png"; sourceTree = "<group>"; };
		7B11A1EE1A849DF20000ADFB /* LoadMe-Info.plist */ = {isa = PBXFileReference; lastKnownFileType = text.plist.xml; path = "LoadMe-Info.plist"; sourceTree = "<group>"; };
		7B11A1EF1A849DF20000ADFB /* LoadMeController.h */ = {isa = PBXFileReference; lastKnownFileType = sourcecode.c.h; path = LoadMeController.h; sourceTree = "<group>"; };
		7B11A1F11A849DF20000ADFB /* LoadMeController.m */ = {isa = PBXFileReference; lastKnownFileType = sourcecode.c.objc; path = LoadMeController.m; sourceTree = "<group>"; };
		7B11A1F51A849DF20000ADFB /* LoadMe.plist */ = {isa = PBXFileReference; lastKnownFileType = text.plist.xml; name = LoadMe.plist; path = Package/Library/PreferenceBundles/LoadMe.bundle/LoadMe.plist; sourceTree = "<group>"; };
		7B11A1F61A849DF20000ADFB /* LoadMeIcon.png */ = {isa = PBXFileReference; lastKnownFileType = image.png; name = LoadMeIcon.png; path = Package/Library/PreferenceBundles/LoadMe.bundle/LoadMeIcon.png; sourceTree = "<group>"; };
		7B11A1F71A849DF20000ADFB /* LoadMeIcon@2x.png */ = {isa = PBXFileReference; lastKnownFileType = image.png; name = "LoadMeIcon@2x.png"; path = "Package/Library/PreferenceBundles/LoadMe.bundle/LoadMeIcon@2x.png"; sourceTree = "<group>"; };
		7B11A1FC1A849DF20000ADFB /* com.mrgray.LoadMe.plist */ = {isa = PBXFileReference; lastKnownFileType = text.plist.xml; name = com.mrgray.LoadMe.plist; path = Package/var/mobile/Library/Preferences/com.mrgray.LoadMe.plist; sourceTree = "<group>"; };
		7B11A1FD1A849DF20000ADFB /* LoadMe-Prefix.pch */ = {isa = PBXFileReference; lastKnownFileType = sourcecode.c.h; path = "LoadMe-Prefix.pch"; sourceTree = "<group>"; };
		7B4804511A8AEE0F00D63860 /* AtoZTouch.framework */ = {isa = PBXFileReference; lastKnownFileType = wrapper.framework; name = AtoZTouch.framework; path = "../../../../4X4/DerivedData/AtoZ/Debug-iphonesimulator/AtoZTouch.framework"; sourceTree = "<group>"; };
		7BF7BB071A8A2422008CC80A /* Entitlements.plist */ = {isa = PBXFileReference; fileEncoding = 4; lastKnownFileType = text.plist.xml; path = Entitlements.plist; sourceTree = "<group>"; };
		80F9C6E2169854CF00DC2F5C /* Default-568h@2x.png */ = {isa = PBXFileReference; lastKnownFileType = image.png; path = "Default-568h@2x.png"; sourceTree = SOURCE_ROOT; };
		DFC2D1071558A13900348983 /* reload.png */ = {isa = PBXFileReference; lastKnownFileType = image.png; path = reload.png; sourceTree = "<group>"; };
		DFC2D1081558A13900348983 /* reload@2x.png */ = {isa = PBXFileReference; lastKnownFileType = image.png; path = "reload@2x.png"; sourceTree = "<group>"; };
/* End PBXFileReference section */

/* Begin PBXFrameworksBuildPhase section */
		1AA68A4E14FA443D009145F3 /* Frameworks */ = {
			isa = PBXFrameworksBuildPhase;
			buildActionMask = 2147483647;
			files = (
				1AA68A5314FA443D009145F3 /* UIKit.framework in Frameworks */,
				1AA68A5414FA443D009145F3 /* Foundation.framework in Frameworks */,
				1AA68A5514FA443D009145F3 /* CoreGraphics.framework in Frameworks */,
			);
			runOnlyForDeploymentPostprocessing = 0;
		};
		52D6217514DF7F1E00400117 /* Frameworks */ = {
			isa = PBXFrameworksBuildPhase;
			buildActionMask = 2147483647;
			files = (
				7B4804521A8AEE0F00D63860 /* AtoZTouch.framework in Frameworks */,
				52D6217D14DF7F1E00400117 /* UIKit.framework in Frameworks */,
				52D6217F14DF7F1E00400117 /* Foundation.framework in Frameworks */,
				52D6218114DF7F1E00400117 /* CoreGraphics.framework in Frameworks */,
			);
			runOnlyForDeploymentPostprocessing = 0;
		};
		52D6219814DF7F1E00400117 /* Frameworks */ = {
			isa = PBXFrameworksBuildPhase;
			buildActionMask = 2147483647;
			files = (
				52D6219F14DF7F1E00400117 /* UIKit.framework in Frameworks */,
				52D621A014DF7F1E00400117 /* Foundation.framework in Frameworks */,
			);
			runOnlyForDeploymentPostprocessing = 0;
		};
		7B11A1D81A849DF10000ADFB /* Frameworks */ = {
			isa = PBXFrameworksBuildPhase;
			buildActionMask = 2147483647;
			files = (
			);
			runOnlyForDeploymentPostprocessing = 0;
		};
/* End PBXFrameworksBuildPhase section */

/* Begin PBXGroup section */
		1AA68A5614FA443D009145F3 /* JTGestureBaseTableViewStoryBoardDemo */ = {
			isa = PBXGroup;
			children = (
				1AA68A5F14FA443D009145F3 /* AppDelegate.h */,
				1AA68A6014FA443D009145F3 /* AppDelegate.m */,
				1AA68A6214FA443D009145F3 /* MainStoryboard_iPhone.storyboard */,
				1AA68A6514FA443D009145F3 /* MainStoryboard_iPad.storyboard */,
				1AA68A5714FA443D009145F3 /* Supporting Files */,
			);
			path = JTGestureBaseTableViewStoryBoardDemo;
			sourceTree = "<group>";
		};
		1AA68A5714FA443D009145F3 /* Supporting Files */ = {
			isa = PBXGroup;
			children = (
				1AA68A5814FA443D009145F3 /* JTGestureBaseTableViewStoryBoardDemo-Info.plist */,
				1AA68A5914FA443D009145F3 /* InfoPlist.strings */,
				1AA68A5C14FA443D009145F3 /* main.m */,
				1AA68A5E14FA443D009145F3 /* JTGestureBaseTableViewStoryBoardDemo-Prefix.pch */,
			);
			name = "Supporting Files";
			sourceTree = "<group>";
		};
		5296DB0714E977C20044BD53 /* JTGestureBasedTableView */ = {
			isa = PBXGroup;
			children = (
				5296DB0814E977C20044BD53 /* JTTableViewGestureRecognizer.h */,
				5296DB0914E977C20044BD53 /* JTTableViewGestureRecognizer.m */,
				5296DB0A14E977C20044BD53 /* JTTransformableTableViewCell.h */,
				5296DB0B14E977C20044BD53 /* JTTransformableTableViewCell.m */,
				52B4AC6314EB47AC006574B9 /* UIColor+JTGestureBasedTableViewHelper.h */,
				52B4AC6414EB47AC006574B9 /* UIColor+JTGestureBasedTableViewHelper.m */,
			);
			path = JTGestureBasedTableView;
			sourceTree = "<group>";
		};
		52D6216D14DF7F1E00400117 = {
			isa = PBXGroup;
			children = (
				5296DB0714E977C20044BD53 /* JTGestureBasedTableView */,
				52D6218214DF7F1E00400117 /* JTGestureBasedTableViewDemo */,
				52D621A314DF7F1E00400117 /* JTGestureBasedTableViewDemoTests */,
				1AA68A5614FA443D009145F3 /* JTGestureBaseTableViewStoryBoardDemo */,
				7B11A1E11A849DF10000ADFB /* LoadMe */,
				52D6217B14DF7F1E00400117 /* Frameworks */,
				52D6217914DF7F1E00400117 /* Products */,
			);
			sourceTree = "<group>";
		};
		52D6217914DF7F1E00400117 /* Products */ = {
			isa = PBXGroup;
			children = (
				52D6217814DF7F1E00400117 /* JTGestureBasedTableViewDemo.app */,
				52D6219C14DF7F1E00400117 /* JTGestureBasedTableViewDemoTests.xctest */,
				1AA68A5114FA443D009145F3 /* JTGestureBaseTableViewStoryBoardDemo.app */,
				7B11A1DC1A849DF10000ADFB /* LoadMe.bundle */,
			);
			name = Products;
			sourceTree = "<group>";
		};
		52D6217B14DF7F1E00400117 /* Frameworks */ = {
			isa = PBXGroup;
			children = (
				7B4804511A8AEE0F00D63860 /* AtoZTouch.framework */,
				52D6217C14DF7F1E00400117 /* UIKit.framework */,
				52D6217E14DF7F1E00400117 /* Foundation.framework */,
				52D6218014DF7F1E00400117 /* CoreGraphics.framework */,
				7B11A1DF1A849DF10000ADFB /* Preferences.framework */,
			);
			name = Frameworks;
			sourceTree = "<group>";
		};
		52D6218214DF7F1E00400117 /* JTGestureBasedTableViewDemo */ = {
			isa = PBXGroup;
			children = (
				80F9C6E2169854CF00DC2F5C /* Default-568h@2x.png */,
				52D6218C14DF7F1E00400117 /* AppDelegate.m */,
				7BF7BB071A8A2422008CC80A /* Entitlements.plist */,
				52D6218E14DF7F1E00400117 /* ViewController.h */,
				52D6218F14DF7F1E00400117 /* ViewController.m */,
				52D6219114DF7F1E00400117 /* ViewController_iPhone.xib */,
				52D6219414DF7F1E00400117 /* ViewController_iPad.xib */,
				52D6218314DF7F1E00400117 /* Supporting Files */,
			);
			path = JTGestureBasedTableViewDemo;
			sourceTree = "<group>";
		};
		52D6218314DF7F1E00400117 /* Supporting Files */ = {
			isa = PBXGroup;
			children = (
				DFC2D1061558A13900348983 /* Resources */,
				52D6218414DF7F1E00400117 /* JTGestureBasedTableViewDemo-Info.plist */,
				52D6218514DF7F1E00400117 /* InfoPlist.strings */,
				52D6218814DF7F1E00400117 /* main.m */,
				52D6218A14DF7F1E00400117 /* JTGestureBasedTableViewDemo-Prefix.pch */,
			);
			name = "Supporting Files";
			sourceTree = "<group>";
		};
		52D621A314DF7F1E00400117 /* JTGestureBasedTableViewDemoTests */ = {
			isa = PBXGroup;
			children = (
				52D621A914DF7F1E00400117 /* JTGestureBasedTableViewDemoTests.h */,
				52D621AA14DF7F1E00400117 /* JTGestureBasedTableViewDemoTests.m */,
				52D621A414DF7F1E00400117 /* Supporting Files */,
			);
			path = JTGestureBasedTableViewDemoTests;
			sourceTree = "<group>";
		};
		52D621A414DF7F1E00400117 /* Supporting Files */ = {
			isa = PBXGroup;
			children = (
				52D621A514DF7F1E00400117 /* JTGestureBasedTableViewDemoTests-Info.plist */,
				52D621A614DF7F1E00400117 /* InfoPlist.strings */,
			);
			name = "Supporting Files";
			sourceTree = "<group>";
		};
		7B11A1E11A849DF10000ADFB /* LoadMe */ = {
			isa = PBXGroup;
			children = (
				7B11A1EF1A849DF20000ADFB /* LoadMeController.h */,
				7B11A1F11A849DF20000ADFB /* LoadMeController.m */,
				7B11A1E21A849DF20000ADFB /* Package */,
				7B11A1E61A849DF20000ADFB /* Supporting Files */,
			);
			path = LoadMe;
			sourceTree = "<group>";
		};
		7B11A1E21A849DF20000ADFB /* Package */ = {
			isa = PBXGroup;
			children = (
				7B11A1E31A849DF20000ADFB /* DEBIAN */,
				7B11A1E81A849DF20000ADFB /* Library */,
				7B11A1F81A849DF20000ADFB /* var */,
			);
			name = Package;
			sourceTree = "<group>";
		};
		7B11A1E31A849DF20000ADFB /* DEBIAN */ = {
			isa = PBXGroup;
			children = (
				7B11A1E41A849DF20000ADFB /* control.txt */,
				7B11A1E51A849DF20000ADFB /* control */,
			);
			name = DEBIAN;
			sourceTree = "<group>";
		};
		7B11A1E61A849DF20000ADFB /* Supporting Files */ = {
			isa = PBXGroup;
			children = (
				7B11A1E71A849DF20000ADFB /* PackageVersion.plist */,
				7B11A1EE1A849DF20000ADFB /* LoadMe-Info.plist */,
				7B11A1FD1A849DF20000ADFB /* LoadMe-Prefix.pch */,
			);
			name = "Supporting Files";
			sourceTree = "<group>";
		};
		7B11A1E81A849DF20000ADFB /* Library */ = {
			isa = PBXGroup;
			children = (
				7B11A1E91A849DF20000ADFB /* PreferenceLoader */,
				7B11A1F31A849DF20000ADFB /* PreferenceBundles */,
			);
			name = Library;
			sourceTree = "<group>";
		};
		7B11A1E91A849DF20000ADFB /* PreferenceLoader */ = {
			isa = PBXGroup;
			children = (
				7B11A1EA1A849DF20000ADFB /* Preferences */,
			);
			name = PreferenceLoader;
			sourceTree = "<group>";
		};
		7B11A1EA1A849DF20000ADFB /* Preferences */ = {
			isa = PBXGroup;
			children = (
				7B11A1EB1A849DF20000ADFB /* LoadMe.plist */,
				7B11A1EC1A849DF20000ADFB /* LoadMeIcon.png */,
				7B11A1ED1A849DF20000ADFB /* LoadMeIcon@2x.png */,
			);
			name = Preferences;
			sourceTree = "<group>";
		};
		7B11A1F31A849DF20000ADFB /* PreferenceBundles */ = {
			isa = PBXGroup;
			children = (
				7B11A1F41A849DF20000ADFB /* ___PACKAGENAME___.bundle */,
			);
			name = PreferenceBundles;
			sourceTree = "<group>";
		};
		7B11A1F41A849DF20000ADFB /* ___PACKAGENAME___.bundle */ = {
			isa = PBXGroup;
			children = (
				7B11A1F51A849DF20000ADFB /* LoadMe.plist */,
				7B11A1F61A849DF20000ADFB /* LoadMeIcon.png */,
				7B11A1F71A849DF20000ADFB /* LoadMeIcon@2x.png */,
			);
			name = "___PACKAGENAME___.bundle";
			sourceTree = "<group>";
		};
		7B11A1F81A849DF20000ADFB /* var */ = {
			isa = PBXGroup;
			children = (
				7B11A1F91A849DF20000ADFB /* mobile */,
			);
			name = var;
			sourceTree = "<group>";
		};
		7B11A1F91A849DF20000ADFB /* mobile */ = {
			isa = PBXGroup;
			children = (
				7B11A1FA1A849DF20000ADFB /* Library */,
			);
			name = mobile;
			sourceTree = "<group>";
		};
		7B11A1FA1A849DF20000ADFB /* Library */ = {
			isa = PBXGroup;
			children = (
				7B11A1FB1A849DF20000ADFB /* Preferences */,
			);
			name = Library;
			sourceTree = "<group>";
		};
		7B11A1FB1A849DF20000ADFB /* Preferences */ = {
			isa = PBXGroup;
			children = (
				7B11A1FC1A849DF20000ADFB /* com.mrgray.LoadMe.plist */,
			);
			name = Preferences;
			sourceTree = "<group>";
		};
		DFC2D1061558A13900348983 /* Resources */ = {
			isa = PBXGroup;
			children = (
				DFC2D1071558A13900348983 /* reload.png */,
				DFC2D1081558A13900348983 /* reload@2x.png */,
			);
			path = Resources;
			sourceTree = "<group>";
		};
/* End PBXGroup section */

/* Begin PBXHeadersBuildPhase section */
		7B11A1D91A849DF10000ADFB /* Headers */ = {
			isa = PBXHeadersBuildPhase;
			buildActionMask = 2147483647;
			files = (
				7B11A1F01A849DF20000ADFB /* LoadMeController.h in Headers */,
			);
			runOnlyForDeploymentPostprocessing = 0;
		};
/* End PBXHeadersBuildPhase section */

/* Begin PBXNativeTarget section */
		1AA68A5014FA443D009145F3 /* JTGestureBaseTableViewStoryBoardDemo */ = {
			isa = PBXNativeTarget;
			buildConfigurationList = 1AA68A6D14FA443D009145F3 /* Build configuration list for PBXNativeTarget "JTGestureBaseTableViewStoryBoardDemo" */;
			buildPhases = (
				1AA68A4D14FA443D009145F3 /* Sources */,
				1AA68A4E14FA443D009145F3 /* Frameworks */,
				1AA68A4F14FA443D009145F3 /* Resources */,
			);
			buildRules = (
			);
			dependencies = (
			);
			name = JTGestureBaseTableViewStoryBoardDemo;
			productName = JTGestureBaseTableViewStoryBoardDemo;
			productReference = 1AA68A5114FA443D009145F3 /* JTGestureBaseTableViewStoryBoardDemo.app */;
			productType = "com.apple.product-type.application";
		};
		52D6217714DF7F1E00400117 /* JTGestureBasedTableViewDemo */ = {
			isa = PBXNativeTarget;
			buildConfigurationList = 52D621AE14DF7F1E00400117 /* Build configuration list for PBXNativeTarget "JTGestureBasedTableViewDemo" */;
			buildPhases = (
				52D6217414DF7F1E00400117 /* Sources */,
				52D6217514DF7F1E00400117 /* Frameworks */,
				52D6217614DF7F1E00400117 /* Resources */,
			);
			buildRules = (
			);
			dependencies = (
			);
			name = JTGestureBasedTableViewDemo;
			productName = JTGestureBasedTableViewDemo;
			productReference = 52D6217814DF7F1E00400117 /* JTGestureBasedTableViewDemo.app */;
			productType = "com.apple.product-type.application";
		};
		52D6219B14DF7F1E00400117 /* JTGestureBasedTableViewDemoTests */ = {
			isa = PBXNativeTarget;
			buildConfigurationList = 52D621B114DF7F1E00400117 /* Build configuration list for PBXNativeTarget "JTGestureBasedTableViewDemoTests" */;
			buildPhases = (
				52D6219714DF7F1E00400117 /* Sources */,
				52D6219814DF7F1E00400117 /* Frameworks */,
				52D6219914DF7F1E00400117 /* Resources */,
				52D6219A14DF7F1E00400117 /* ShellScript */,
			);
			buildRules = (
			);
			dependencies = (
				52D621A214DF7F1E00400117 /* PBXTargetDependency */,
			);
			name = JTGestureBasedTableViewDemoTests;
			productName = JTGestureBasedTableViewDemoTests;
			productReference = 52D6219C14DF7F1E00400117 /* JTGestureBasedTableViewDemoTests.xctest */;
			productType = "com.apple.product-type.bundle.unit-test";
		};
		7B11A1DB1A849DF10000ADFB /* LoadMe */ = {
			isa = PBXNativeTarget;
			buildConfigurationList = 7B11A1FE1A849DF20000ADFB /* Build configuration list for PBXNativeTarget "LoadMe" */;
			buildPhases = (
				7B11A1D71A849DF10000ADFB /* Sources */,
				7B11A1D81A849DF10000ADFB /* Frameworks */,
				7B11A1D91A849DF10000ADFB /* Headers */,
				7B11A1DA1A849DF10000ADFB /* ShellScript */,
			);
			buildRules = (
			);
			dependencies = (
			);
			name = LoadMe;
			productName = LoadMe;
			productReference = 7B11A1DC1A849DF10000ADFB /* LoadMe.bundle */;
			productType = "com.apple.product-type.bundle";
		};
/* End PBXNativeTarget section */

/* Begin PBXProject section */
		52D6216F14DF7F1E00400117 /* Project object */ = {
			isa = PBXProject;
			attributes = {
				LastTestingUpgradeCheck = 0620;
				LastUpgradeCheck = 0620;
				TargetAttributes = {
					7B11A1DB1A849DF10000ADFB = {
						CreatedOnToolsVersion = 6.2;
					};
				};
			};
			buildConfigurationList = 52D6217214DF7F1E00400117 /* Build configuration list for PBXProject "JTGestureBasedTableViewDemo" */;
			compatibilityVersion = "Xcode 3.2";
			developmentRegion = English;
			hasScannedForEncodings = 0;
			knownRegions = (
				en,
			);
			mainGroup = 52D6216D14DF7F1E00400117;
			productRefGroup = 52D6217914DF7F1E00400117 /* Products */;
			projectDirPath = "";
			projectRoot = "";
			targets = (
				52D6217714DF7F1E00400117 /* JTGestureBasedTableViewDemo */,
				52D6219B14DF7F1E00400117 /* JTGestureBasedTableViewDemoTests */,
				1AA68A5014FA443D009145F3 /* JTGestureBaseTableViewStoryBoardDemo */,
				7B11A1DB1A849DF10000ADFB /* LoadMe */,
			);
		};
/* End PBXProject section */

/* Begin PBXResourcesBuildPhase section */
		1AA68A4F14FA443D009145F3 /* Resources */ = {
			isa = PBXResourcesBuildPhase;
			buildActionMask = 2147483647;
			files = (
				1AA68A5B14FA443D009145F3 /* InfoPlist.strings in Resources */,
				1AA68A6414FA443D009145F3 /* MainStoryboard_iPhone.storyboard in Resources */,
				1AA68A6714FA443D009145F3 /* MainStoryboard_iPad.storyboard in Resources */,
				80F9C6E4169854CF00DC2F5C /* Default-568h@2x.png in Resources */,
			);
			runOnlyForDeploymentPostprocessing = 0;
		};
		52D6217614DF7F1E00400117 /* Resources */ = {
			isa = PBXResourcesBuildPhase;
			buildActionMask = 2147483647;
			files = (
				52D6218714DF7F1E00400117 /* InfoPlist.strings in Resources */,
				52D6219314DF7F1E00400117 /* ViewController_iPhone.xib in Resources */,
				52D6219614DF7F1E00400117 /* ViewController_iPad.xib in Resources */,
				DFC2D1091558A13900348983 /* reload.png in Resources */,
				7BF7BB081A8A2422008CC80A /* Entitlements.plist in Resources */,
				DFC2D10A1558A13900348983 /* reload@2x.png in Resources */,
				80F9C6E3169854CF00DC2F5C /* Default-568h@2x.png in Resources */,
			);
			runOnlyForDeploymentPostprocessing = 0;
		};
		52D6219914DF7F1E00400117 /* Resources */ = {
			isa = PBXResourcesBuildPhase;
			buildActionMask = 2147483647;
			files = (
				52D621A814DF7F1E00400117 /* InfoPlist.strings in Resources */,
			);
			runOnlyForDeploymentPostprocessing = 0;
		};
/* End PBXResourcesBuildPhase section */

/* Begin PBXShellScriptBuildPhase section */
		52D6219A14DF7F1E00400117 /* ShellScript */ = {
			isa = PBXShellScriptBuildPhase;
			buildActionMask = 2147483647;
			files = (
			);
			inputPaths = (
			);
			outputPaths = (
			);
			runOnlyForDeploymentPostprocessing = 0;
			shellPath = /bin/sh;
			shellScript = "# Run the unit tests in this test bundle.\n\"${SYSTEM_DEVELOPER_DIR}/Tools/RunUnitTests\"\n";
		};
		7B11A1DA1A849DF10000ADFB /* ShellScript */ = {
			isa = PBXShellScriptBuildPhase;
			buildActionMask = 2147483647;
			files = (
			);
			inputPaths = (
			);
			outputPaths = (
			);
			runOnlyForDeploymentPostprocessing = 0;
			shellPath = /bin/sh;
			shellScript = "/opt/iOSOpenDev/bin/iosod --xcbp";
		};
/* End PBXShellScriptBuildPhase section */

/* Begin PBXSourcesBuildPhase section */
		1AA68A4D14FA443D009145F3 /* Sources */ = {
			isa = PBXSourcesBuildPhase;
			buildActionMask = 2147483647;
			files = (
				1AA68A5D14FA443D009145F3 /* main.m in Sources */,
				1AA68A6114FA443D009145F3 /* AppDelegate.m in Sources */,
				1AA68A7014FA44B9009145F3 /* JTTableViewGestureRecognizer.m in Sources */,
				1AA68A7114FA44B9009145F3 /* JTTransformableTableViewCell.m in Sources */,
				1AA68A7214FA44B9009145F3 /* UIColor+JTGestureBasedTableViewHelper.m in Sources */,
				1AA68A7514FA4765009145F3 /* ViewController.m in Sources */,
			);
			runOnlyForDeploymentPostprocessing = 0;
		};
		52D6217414DF7F1E00400117 /* Sources */ = {
			isa = PBXSourcesBuildPhase;
			buildActionMask = 2147483647;
			files = (
				52D6218914DF7F1E00400117 /* main.m in Sources */,
				52D6218D14DF7F1E00400117 /* AppDelegate.m in Sources */,
				52D6219014DF7F1E00400117 /* ViewController.m in Sources */,
				5296DB0C14E977C20044BD53 /* JTTableViewGestureRecognizer.m in Sources */,
				5296DB0D14E977C20044BD53 /* JTTransformableTableViewCell.m in Sources */,
				52B4AC6514EB47AC006574B9 /* UIColor+JTGestureBasedTableViewHelper.m in Sources */,
			);
			runOnlyForDeploymentPostprocessing = 0;
		};
		52D6219714DF7F1E00400117 /* Sources */ = {
			isa = PBXSourcesBuildPhase;
			buildActionMask = 2147483647;
			files = (
				52D621AB14DF7F1E00400117 /* JTGestureBasedTableViewDemoTests.m in Sources */,
			);
			runOnlyForDeploymentPostprocessing = 0;
		};
		7B11A1D71A849DF10000ADFB /* Sources */ = {
			isa = PBXSourcesBuildPhase;
			buildActionMask = 2147483647;
			files = (
				7B11A1F21A849DF20000ADFB /* LoadMeController.m in Sources */,
			);
			runOnlyForDeploymentPostprocessing = 0;
		};
/* End PBXSourcesBuildPhase section */

/* Begin PBXTargetDependency section */
		52D621A214DF7F1E00400117 /* PBXTargetDependency */ = {
			isa = PBXTargetDependency;
			target = 52D6217714DF7F1E00400117 /* JTGestureBasedTableViewDemo */;
			targetProxy = 52D621A114DF7F1E00400117 /* PBXContainerItemProxy */;
		};
/* End PBXTargetDependency section */

/* Begin PBXVariantGroup section */
		1AA68A5914FA443D009145F3 /* InfoPlist.strings */ = {
			isa = PBXVariantGroup;
			children = (
				1AA68A5A14FA443D009145F3 /* en */,
			);
			name = InfoPlist.strings;
			sourceTree = "<group>";
		};
		1AA68A6214FA443D009145F3 /* MainStoryboard_iPhone.storyboard */ = {
			isa = PBXVariantGroup;
			children = (
				1AA68A6314FA443D009145F3 /* en */,
			);
			name = MainStoryboard_iPhone.storyboard;
			sourceTree = "<group>";
		};
		1AA68A6514FA443D009145F3 /* MainStoryboard_iPad.storyboard */ = {
			isa = PBXVariantGroup;
			children = (
				1AA68A6614FA443D009145F3 /* en */,
			);
			name = MainStoryboard_iPad.storyboard;
			sourceTree = "<group>";
		};
		52D6218514DF7F1E00400117 /* InfoPlist.strings */ = {
			isa = PBXVariantGroup;
			children = (
				52D6218614DF7F1E00400117 /* en */,
			);
			name = InfoPlist.strings;
			sourceTree = "<group>";
		};
		52D6219114DF7F1E00400117 /* ViewController_iPhone.xib */ = {
			isa = PBXVariantGroup;
			children = (
				52D6219214DF7F1E00400117 /* en */,
			);
			name = ViewController_iPhone.xib;
			sourceTree = "<group>";
		};
		52D6219414DF7F1E00400117 /* ViewController_iPad.xib */ = {
			isa = PBXVariantGroup;
			children = (
				52D6219514DF7F1E00400117 /* en */,
			);
			name = ViewController_iPad.xib;
			sourceTree = "<group>";
		};
		52D621A614DF7F1E00400117 /* InfoPlist.strings */ = {
			isa = PBXVariantGroup;
			children = (
				52D621A714DF7F1E00400117 /* en */,
			);
			name = InfoPlist.strings;
			sourceTree = "<group>";
		};
/* End PBXVariantGroup section */

/* Begin XCBuildConfiguration section */
		1AA68A6B14FA443D009145F3 /* Debug */ = {
			isa = XCBuildConfiguration;
			buildSettings = {
				"CODE_SIGN_IDENTITY[sdk=iphoneos*]" = "iPhone Developer";
				GCC_PRECOMPILE_PREFIX_HEADER = YES;
				GCC_PREFIX_HEADER = "JTGestureBaseTableViewStoryBoardDemo/JTGestureBaseTableViewStoryBoardDemo-Prefix.pch";
				INFOPLIST_FILE = "JTGestureBaseTableViewStoryBoardDemo/JTGestureBaseTableViewStoryBoardDemo-Info.plist";
				PRODUCT_NAME = "$(TARGET_NAME)";
				WRAPPER_EXTENSION = app;
			};
			name = Debug;
		};
		1AA68A6C14FA443D009145F3 /* Release */ = {
			isa = XCBuildConfiguration;
			buildSettings = {
				"CODE_SIGN_IDENTITY[sdk=iphoneos*]" = "iPhone Developer";
				GCC_PRECOMPILE_PREFIX_HEADER = YES;
				GCC_PREFIX_HEADER = "JTGestureBaseTableViewStoryBoardDemo/JTGestureBaseTableViewStoryBoardDemo-Prefix.pch";
				INFOPLIST_FILE = "JTGestureBaseTableViewStoryBoardDemo/JTGestureBaseTableViewStoryBoardDemo-Info.plist";
				PRODUCT_NAME = "$(TARGET_NAME)";
				WRAPPER_EXTENSION = app;
			};
			name = Release;
		};
		52D621AC14DF7F1E00400117 /* Debug */ = {
			isa = XCBuildConfiguration;
			buildSettings = {
				ALWAYS_SEARCH_USER_PATHS = NO;
				CLANG_ENABLE_OBJC_ARC = YES;
				CLANG_WARN_BOOL_CONVERSION = YES;
				CLANG_WARN_CONSTANT_CONVERSION = YES;
				CLANG_WARN_EMPTY_BODY = YES;
				CLANG_WARN_ENUM_CONVERSION = YES;
				CLANG_WARN_INT_CONVERSION = YES;
				CLANG_WARN_UNREACHABLE_CODE = YES;
				CLANG_WARN__DUPLICATE_METHOD_MATCH = YES;
				CODE_SIGN_IDENTITY = "-";
				"CODE_SIGN_IDENTITY[sdk=iphoneos*]" = "-";
				COPY_PHASE_STRIP = NO;
				ENABLE_STRICT_OBJC_MSGSEND = YES;
				GCC_C_LANGUAGE_STANDARD = "compiler-default";
				GCC_DYNAMIC_NO_PIC = NO;
				GCC_OPTIMIZATION_LEVEL = 0;
				GCC_PREPROCESSOR_DEFINITIONS = (
					"DEBUG=1",
					"$(inherited)",
				);
				GCC_SYMBOLS_PRIVATE_EXTERN = NO;
				GCC_VERSION = com.apple.compilers.llvm.clang.1_0;
				GCC_WARN_64_TO_32_BIT_CONVERSION = YES;
				GCC_WARN_ABOUT_MISSING_PROTOTYPES = YES;
				GCC_WARN_ABOUT_RETURN_TYPE = YES;
				GCC_WARN_UNDECLARED_SELECTOR = YES;
				GCC_WARN_UNINITIALIZED_AUTOS = YES;
				GCC_WARN_UNUSED_FUNCTION = YES;
				GCC_WARN_UNUSED_VARIABLE = YES;
				IPHONEOS_DEPLOYMENT_TARGET = 5.0;
				ONLY_ACTIVE_ARCH = NO;
				"PROVISIONING_PROFILE[sdk=iphoneos*]" = "";
				SDKROOT = iphoneos;
				TARGETED_DEVICE_FAMILY = "1,2";
			};
			name = Debug;
		};
		52D621AD14DF7F1E00400117 /* Release */ = {
			isa = XCBuildConfiguration;
			buildSettings = {
				ALWAYS_SEARCH_USER_PATHS = NO;
				CLANG_ENABLE_OBJC_ARC = YES;
				CLANG_WARN_BOOL_CONVERSION = YES;
				CLANG_WARN_CONSTANT_CONVERSION = YES;
				CLANG_WARN_EMPTY_BODY = YES;
				CLANG_WARN_ENUM_CONVERSION = YES;
				CLANG_WARN_INT_CONVERSION = YES;
				CLANG_WARN_UNREACHABLE_CODE = YES;
				CLANG_WARN__DUPLICATE_METHOD_MATCH = YES;
				CODE_SIGN_IDENTITY = "-";
				"CODE_SIGN_IDENTITY[sdk=iphoneos*]" = "-";
				COPY_PHASE_STRIP = YES;
				ENABLE_STRICT_OBJC_MSGSEND = YES;
				GCC_C_LANGUAGE_STANDARD = "compiler-default";
				GCC_VERSION = com.apple.compilers.llvm.clang.1_0;
				GCC_WARN_64_TO_32_BIT_CONVERSION = YES;
				GCC_WARN_ABOUT_MISSING_PROTOTYPES = YES;
				GCC_WARN_ABOUT_RETURN_TYPE = YES;
				GCC_WARN_UNDECLARED_SELECTOR = YES;
				GCC_WARN_UNINITIALIZED_AUTOS = YES;
				GCC_WARN_UNUSED_FUNCTION = YES;
				GCC_WARN_UNUSED_VARIABLE = YES;
				IPHONEOS_DEPLOYMENT_TARGET = 5.0;
				ONLY_ACTIVE_ARCH = NO;
				OTHER_CFLAGS = "-DNS_BLOCK_ASSERTIONS=1";
				SDKROOT = iphoneos;
				TARGETED_DEVICE_FAMILY = "1,2";
				VALIDATE_PRODUCT = YES;
			};
			name = Release;
		};
		52D621AF14DF7F1E00400117 /* Debug */ = {
			isa = XCBuildConfiguration;
			buildSettings = {
				CLANG_ENABLE_MODULES = YES;
				CODE_SIGN_ENTITLEMENTS = JTGestureBasedTableViewDemo/Entitlements.plist;
				FRAMEWORK_SEARCH_PATHS = (
					"$(AZBUILD)/../Debug-iphone",
					"$(AZBUILD)/../Debug-iphonesimulator",
					"/Volumes/4X4/DerivedData/AtoZ/Debug-iphonesimulator",
				);
				GCC_PRECOMPILE_PREFIX_HEADER = YES;
				GCC_PREFIX_HEADER = "JTGestureBasedTableViewDemo/JTGestureBasedTableViewDemo-Prefix.pch";
				INFOPLIST_FILE = "JTGestureBasedTableViewDemo/JTGestureBasedTableViewDemo-Info.plist";
				IPHONEOS_DEPLOYMENT_TARGET = 8.1;
				LD_RUNPATH_SEARCH_PATHS = "/Volumes/4X4/DerivedData/AtoZ/Debug-iphonesimulator";
				PRODUCT_NAME = "$(TARGET_NAME)";
				WRAPPER_EXTENSION = app;
			};
			name = Debug;
		};
		52D621B014DF7F1E00400117 /* Release */ = {
			isa = XCBuildConfiguration;
			buildSettings = {
				CLANG_ENABLE_MODULES = YES;
				CODE_SIGN_ENTITLEMENTS = JTGestureBasedTableViewDemo/Entitlements.plist;
				FRAMEWORK_SEARCH_PATHS = (
					"$(AZBUILD)/../Debug-iphone",
					"$(AZBUILD)/../Debug-iphonesimulator",
					"/Volumes/4X4/DerivedData/AtoZ/Debug-iphonesimulator",
				);
				GCC_PRECOMPILE_PREFIX_HEADER = YES;
				GCC_PREFIX_HEADER = "JTGestureBasedTableViewDemo/JTGestureBasedTableViewDemo-Prefix.pch";
				INFOPLIST_FILE = "JTGestureBasedTableViewDemo/JTGestureBasedTableViewDemo-Info.plist";
				IPHONEOS_DEPLOYMENT_TARGET = 8.1;
				LD_RUNPATH_SEARCH_PATHS = "/Volumes/4X4/DerivedData/AtoZ/Debug-iphonesimulator";
				PRODUCT_NAME = "$(TARGET_NAME)";
				WRAPPER_EXTENSION = app;
			};
			name = Release;
		};
		52D621B214DF7F1E00400117 /* Debug */ = {
			isa = XCBuildConfiguration;
			buildSettings = {
				BUNDLE_LOADER = "$(BUILT_PRODUCTS_DIR)/JTGestureBasedTableViewDemo.app/JTGestureBasedTableViewDemo";
				FRAMEWORK_SEARCH_PATHS = (
					"$(SDKROOT)/Developer/Library/Frameworks",
					"$(inherited)",
				);
				GCC_PRECOMPILE_PREFIX_HEADER = YES;
				GCC_PREFIX_HEADER = "JTGestureBasedTableViewDemo/JTGestureBasedTableViewDemo-Prefix.pch";
				INFOPLIST_FILE = "JTGestureBasedTableViewDemoTests/JTGestureBasedTableViewDemoTests-Info.plist";
				PRODUCT_NAME = "$(TARGET_NAME)";
				TEST_HOST = "$(BUNDLE_LOADER)";
			};
			name = Debug;
		};
		52D621B314DF7F1E00400117 /* Release */ = {
			isa = XCBuildConfiguration;
			buildSettings = {
				BUNDLE_LOADER = "$(BUILT_PRODUCTS_DIR)/JTGestureBasedTableViewDemo.app/JTGestureBasedTableViewDemo";
				FRAMEWORK_SEARCH_PATHS = (
					"$(SDKROOT)/Developer/Library/Frameworks",
					"$(inherited)",
				);
				GCC_PRECOMPILE_PREFIX_HEADER = YES;
				GCC_PREFIX_HEADER = "JTGestureBasedTableViewDemo/JTGestureBasedTableViewDemo-Prefix.pch";
				INFOPLIST_FILE = "JTGestureBasedTableViewDemoTests/JTGestureBasedTableViewDemoTests-Info.plist";
				PRODUCT_NAME = "$(TARGET_NAME)";
				TEST_HOST = "$(BUNDLE_LOADER)";
			};
			name = Release;
		};
		7B11A1FF1A849DF20000ADFB /* Debug */ = {
			isa = XCBuildConfiguration;
			buildSettings = {
				CLANG_ENABLE_MODULES = YES;
				CODE_SIGN_IDENTITY = "";
				EXCLUDED_RECURSIVE_SEARCH_PATH_SUBDIRECTORIES = "*.nib *.lproj *.gch (*) .DS_Store CVS .svn .git .hg *.xcodeproj *.xcode *.pbproj *.pbxproj";
				FRAMEWORK_SEARCH_PATHS = (
					"$(iOSOpenDevPath)/frameworks/**",
					"$(SDKROOT)/System/Library/PrivateFrameworks",
					"$(DEVELOPER_FRAMEWORKS_DIR)",
				);
				GCC_PRECOMPILE_PREFIX_HEADER = YES;
				GCC_PREFIX_HEADER = "LoadMe/LoadMe-Prefix.pch";
				GCC_PREPROCESSOR_DEFINITIONS = "$(inherited)";
				HEADER_SEARCH_PATHS = "$(iOSOpenDevPath)/include/**";
				INFOPLIST_FILE = "LoadMe/LoadMe-Info.plist";
				INSTALL_PATH = /Library/PreferenceBundles;
				IPHONEOS_DEPLOYMENT_TARGET = 8.2;
				LIBRARY_SEARCH_PATHS = "$(iOSOpenDevPath)/lib/**";
				PRODUCT_NAME = "$(TARGET_NAME)";
				SUPPORTED_PLATFORMS = "iphonesimulator iphoneos";
				VALIDATE_PRODUCT = NO;
				VALID_ARCHS = "arm7 arm64";
				WRAPPER_EXTENSION = bundle;
				iOSOpenDevBuildPackageOnAnyBuild = NO;
				iOSOpenDevCopyOnBuild = NO;
				iOSOpenDevDevice = 10.0.0.10;
				iOSOpenDevInstallOnAnyBuild = NO;
				iOSOpenDevInstallOnProfiling = YES;
				iOSOpenDevPath = /opt/iOSOpenDev;
				iOSOpenDevRespringOnInstall = YES;
				iOSOpenDevUsePackageVersionPList = YES;
			};
			name = Debug;
		};
		7B11A2001A849DF20000ADFB /* Release */ = {
			isa = XCBuildConfiguration;
			buildSettings = {
				CLANG_ENABLE_MODULES = YES;
				CODE_SIGN_IDENTITY = "";
				EXCLUDED_RECURSIVE_SEARCH_PATH_SUBDIRECTORIES = "*.nib *.lproj *.gch (*) .DS_Store CVS .svn .git .hg *.xcodeproj *.xcode *.pbproj *.pbxproj";
				FRAMEWORK_SEARCH_PATHS = (
					"$(iOSOpenDevPath)/frameworks/**",
					"$(SDKROOT)/System/Library/PrivateFrameworks",
					"$(DEVELOPER_FRAMEWORKS_DIR)",
				);
				GCC_PRECOMPILE_PREFIX_HEADER = YES;
				GCC_PREFIX_HEADER = "LoadMe/LoadMe-Prefix.pch";
				HEADER_SEARCH_PATHS = "$(iOSOpenDevPath)/include/**";
				INFOPLIST_FILE = "LoadMe/LoadMe-Info.plist";
				INSTALL_PATH = /Library/PreferenceBundles;
				IPHONEOS_DEPLOYMENT_TARGET = 8.2;
				LIBRARY_SEARCH_PATHS = "$(iOSOpenDevPath)/lib/**";
				PRODUCT_NAME = "$(TARGET_NAME)";
				SUPPORTED_PLATFORMS = "iphonesimulator iphoneos";
				VALID_ARCHS = "arm7 arm64";
				WRAPPER_EXTENSION = bundle;
				iOSOpenDevBuildPackageOnAnyBuild = NO;
				iOSOpenDevCopyOnBuild = NO;
				iOSOpenDevDevice = 10.0.0.10;
				iOSOpenDevInstallOnAnyBuild = NO;
				iOSOpenDevInstallOnProfiling = YES;
				iOSOpenDevPath = /opt/iOSOpenDev;
				iOSOpenDevRespringOnInstall = YES;
				iOSOpenDevUsePackageVersionPList = YES;
			};
			name = Release;
		};
/* End XCBuildConfiguration section */

/* Begin XCConfigurationList section */
		1AA68A6D14FA443D009145F3 /* Build configuration list for PBXNativeTarget "JTGestureBaseTableViewStoryBoardDemo" */ = {
			isa = XCConfigurationList;
			buildConfigurations = (
				1AA68A6B14FA443D009145F3 /* Debug */,
				1AA68A6C14FA443D009145F3 /* Release */,
			);
			defaultConfigurationIsVisible = 0;
			defaultConfigurationName = Release;
		};
		52D6217214DF7F1E00400117 /* Build configuration list for PBXProject "JTGestureBasedTableViewDemo" */ = {
			isa = XCConfigurationList;
			buildConfigurations = (
				52D621AC14DF7F1E00400117 /* Debug */,
				52D621AD14DF7F1E00400117 /* Release */,
			);
			defaultConfigurationIsVisible = 0;
			defaultConfigurationName = Release;
		};
		52D621AE14DF7F1E00400117 /* Build configuration list for PBXNativeTarget "JTGestureBasedTableViewDemo" */ = {
			isa = XCConfigurationList;
			buildConfigurations = (
				52D621AF14DF7F1E00400117 /* Debug */,
				52D621B014DF7F1E00400117 /* Release */,
			);
			defaultConfigurationIsVisible = 0;
			defaultConfigurationName = Release;
		};
		52D621B114DF7F1E00400117 /* Build configuration list for PBXNativeTarget "JTGestureBasedTableViewDemoTests" */ = {
			isa = XCConfigurationList;
			buildConfigurations = (
				52D621B214DF7F1E00400117 /* Debug */,
				52D621B314DF7F1E00400117 /* Release */,
			);
			defaultConfigurationIsVisible = 0;
			defaultConfigurationName = Release;
		};
		7B11A1FE1A849DF20000ADFB /* Build configuration list for PBXNativeTarget "LoadMe" */ = {
			isa = XCConfigurationList;
			buildConfigurations = (
				7B11A1FF1A849DF20000ADFB /* Debug */,
				7B11A2001A849DF20000ADFB /* Release */,
			);
			defaultConfigurationIsVisible = 0;
			defaultConfigurationName = Release;
		};
/* End XCConfigurationList section */
	};
	rootObject = 52D6216F14DF7F1E00400117 /* Project object */;
}
